
Microsoft Visual Studio Solution File, Format Version 12.00
# Visual Studio Version 17
VisualStudioVersion = 17.3.32819.101
MinimumVisualStudioVersion = 10.0.40219.1
Project("{FAE04EC0-301F-11D3-BF4B-00C04F79EFBC}") = "WpfApp2", "WpfApp2\WpfApp2.csproj", "{9106E627-DA54-440B-A089-CBE881A7BB58}"
EndProject
Global
	GlobalSection(SolutionConfigurationPlatforms) = preSolution
		Debug|Any CPU = Debug|Any CPU
		Release|Any CPU = Release|Any CPU
	EndGlobalSection
	GlobalSection(ProjectConfigurationPlatforms) = postSolution
		{9106E627-DA54-440B-A089-CBE881A7BB58}.Debug|Any CPU.ActiveCfg = Debug|Any CPU
		{9106E627-DA54-440B-A089-CBE881A7BB58}.Debug|Any CPU.Build.0 = Debug|Any CPU
		{9106E627-DA54-440B-A089-CBE881A7BB58}.Release|Any CPU.ActiveCfg = Release|Any CPU
		{9106E627-DA54-440B-A089-CBE881A7BB58}.Release|Any CPU.Build.0 = Release|Any CPU
	EndGlobalSection
	GlobalSection(SolutionProperties) = preSolution
		HideSolutionNode = FALSE
	EndGlobalSection
	GlobalSection(ExtensibilityGlobals) = postSolution
		SolutionGuid = {1C2156DA-E5DF-4A85-BFA8-46FCAF1AC3D5}
	EndGlobalSection
EndGlobal
